
Microsoft Visual Studio Solution File, Format Version 12.00
# Visual Studio Version 17
VisualStudioVersion = 17.6.33829.357
MinimumVisualStudioVersion = 10.0.40219.1
Project("{FAE04EC0-301F-11D3-BF4B-00C04F79EFBC}") = "DirectionMap", "DirectionMap.csproj", "{24AD875F-80DA-4105-A904-E02BC7B86B5D}"
EndProject
Global
	GlobalSection(SolutionConfigurationPlatforms) = preSolution
		Debug|Any CPU = Debug|Any CPU
		Release|Any CPU = Release|Any CPU
	EndGlobalSection
	GlobalSection(ProjectConfigurationPlatforms) = postSolution
		{24AD875F-80DA-4105-A904-E02BC7B86B5D}.Debug|Any CPU.ActiveCfg = Debug|Any CPU
		{24AD875F-80DA-4105-A904-E02BC7B86B5D}.Debug|Any CPU.Build.0 = Debug|Any CPU
		{24AD875F-80DA-4105-A904-E02BC7B86B5D}.Release|Any CPU.ActiveCfg = Release|Any CPU
		{24AD875F-80DA-4105-A904-E02BC7B86B5D}.Release|Any CPU.Build.0 = Release|Any CPU
	EndGlobalSection
	GlobalSection(SolutionProperties) = preSolution
		HideSolutionNode = FALSE
	EndGlobalSection
	GlobalSection(ExtensibilityGlobals) = postSolution
		SolutionGuid = {EE272465-CBFC-4955-8D84-A91126C1E73F}
	EndGlobalSection
EndGlobal
